
Microsoft Visual Studio Solution File, Format Version 12.00
# Visual Studio Version 16
VisualStudioVersion = 16.0.29613.14
MinimumVisualStudioVersion = 10.0.40219.1
Project("{FAE04EC0-301F-11D3-BF4B-00C04F79EFBC}") = "Automata v01", "Automata v01\Automata v01.csproj", "{A9130E94-1BD0-40EF-A69D-25FCDAA6E4A2}"
EndProject
Global
	GlobalSection(SolutionConfigurationPlatforms) = preSolution
		Debug|Any CPU = Debug|Any CPU
		Release|Any CPU = Release|Any CPU
	EndGlobalSection
	GlobalSection(ProjectConfigurationPlatforms) = postSolution
		{A9130E94-1BD0-40EF-A69D-25FCDAA6E4A2}.Debug|Any CPU.ActiveCfg = Debug|Any CPU
		{A9130E94-1BD0-40EF-A69D-25FCDAA6E4A2}.Debug|Any CPU.Build.0 = Debug|Any CPU
		{A9130E94-1BD0-40EF-A69D-25FCDAA6E4A2}.Release|Any CPU.ActiveCfg = Release|Any CPU
		{A9130E94-1BD0-40EF-A69D-25FCDAA6E4A2}.Release|Any CPU.Build.0 = Release|Any CPU
	EndGlobalSection
	GlobalSection(SolutionProperties) = preSolution
		HideSolutionNode = FALSE
	EndGlobalSection
	GlobalSection(ExtensibilityGlobals) = postSolution
		SolutionGuid = {A1B6D091-052C-4555-8C6B-9C4475582991}
	EndGlobalSection
EndGlobal
